Microsoft Visual Studio Solution File, Format Version 12.00
# Visual Studio Version 17
VisualStudioVersion = 17.5.2.0
MinimumVisualStudioVersion = 10.0.40219.1
Project("{FAE04EC0-301F-11D3-BF4B-00C04F79EFBC}") = "Houseiana", "Houseiana.csproj", "{47270BF2-130B-E62B-A364-581549DB197D}"
EndProject
Global
	GlobalSection(SolutionConfigurationPlatforms) = preSolution
		Debug|Any CPU = Debug|Any CPU
		Release|Any CPU = Release|Any CPU
	EndGlobalSection
	GlobalSection(ProjectConfigurationPlatforms) = postSolution
		{47270BF2-130B-E62B-A364-581549DB197D}.Debug|Any CPU.ActiveCfg = Debug|Any CPU
		{47270BF2-130B-E62B-A364-581549DB197D}.Debug|Any CPU.Build.0 = Debug|Any CPU
		{47270BF2-130B-E62B-A364-581549DB197D}.Release|Any CPU.ActiveCfg = Release|Any CPU
		{47270BF2-130B-E62B-A364-581549DB197D}.Release|Any CPU.Build.0 = Release|Any CPU
	EndGlobalSection
	GlobalSection(SolutionProperties) = preSolution
		HideSolutionNode = FALSE
	EndGlobalSection
	GlobalSection(ExtensibilityGlobals) = postSolution
		SolutionGuid = {EE52310D-6FC9-496B-9111-8E3802225CC0}
	EndGlobalSection
EndGlobal
